
Microsoft Visual Studio Solution File, Format Version 12.00
# Visual Studio Version 17
VisualStudioVersion = 17.3.32929.385
MinimumVisualStudioVersion = 10.0.40219.1
Project("{FAE04EC0-301F-11D3-BF4B-00C04F79EFBC}") = "ConsoleTestAdobePdfApi", "ConsoleTestAdobePdfApi.csproj", "{B669F010-470A-4B6F-959B-2BD8D05DE832}"
EndProject
Global
	GlobalSection(SolutionConfigurationPlatforms) = preSolution
		Debug|Any CPU = Debug|Any CPU
		Release|Any CPU = Release|Any CPU
	EndGlobalSection
	GlobalSection(ProjectConfigurationPlatforms) = postSolution
		{B669F010-470A-4B6F-959B-2BD8D05DE832}.Debug|Any CPU.ActiveCfg = Debug|Any CPU
		{B669F010-470A-4B6F-959B-2BD8D05DE832}.Debug|Any CPU.Build.0 = Debug|Any CPU
		{B669F010-470A-4B6F-959B-2BD8D05DE832}.Release|Any CPU.ActiveCfg = Release|Any CPU
		{B669F010-470A-4B6F-959B-2BD8D05DE832}.Release|Any CPU.Build.0 = Release|Any CPU
	EndGlobalSection
	GlobalSection(SolutionProperties) = preSolution
		HideSolutionNode = FALSE
	EndGlobalSection
	GlobalSection(ExtensibilityGlobals) = postSolution
		SolutionGuid = {328270ED-1420-4F6B-9EE7-A3BAB8FD2F5E}
	EndGlobalSection
EndGlobal
